
Microsoft Visual Studio Solution File, Format Version 12.00
# Visual Studio Version 17
VisualStudioVersion = 17.2.32526.322
MinimumVisualStudioVersion = 10.0.40219.1
Project("{9A19103F-16F7-4668-BE54-9A1E7A4F7556}") = "RunCard", "RunCard\RunCard.csproj", "{C8480A04-584D-4A53-9939-DE161ACB653D}"
EndProject
Project("{2150E333-8FDC-42A3-9474-1A3956D46DE8}") = "Solution Items", "Solution Items", "{6BFE4354-3CCB-478C-BDCA-AA688B9FDA50}"
EndProject
Global
	GlobalSection(SolutionConfigurationPlatforms) = preSolution
		Debug|Any CPU = Debug|Any CPU
		Release|Any CPU = Release|Any CPU
	EndGlobalSection
	GlobalSection(ProjectConfigurationPlatforms) = postSolution
		{C8480A04-584D-4A53-9939-DE161ACB653D}.Debug|Any CPU.ActiveCfg = Debug|Any CPU
		{C8480A04-584D-4A53-9939-DE161ACB653D}.Debug|Any CPU.Build.0 = Debug|Any CPU
		{C8480A04-584D-4A53-9939-DE161ACB653D}.Release|Any CPU.ActiveCfg = Release|Any CPU
		{C8480A04-584D-4A53-9939-DE161ACB653D}.Release|Any CPU.Build.0 = Release|Any CPU
	EndGlobalSection
	GlobalSection(SolutionProperties) = preSolution
		HideSolutionNode = FALSE
	EndGlobalSection
	GlobalSection(ExtensibilityGlobals) = postSolution
		SolutionGuid = {8E23D999-227C-4379-9CF4-D2AC1E2F75B6}
	EndGlobalSection
EndGlobal
